# THIS IS AN AUTOGENERATED FILE. DO NOT EDIT THIS FILE DIRECTLY.
# yarn lockfile v1


react-native-push-notification@^8.1.1:
  version "8.1.1"
  resolved "https://registry.yarnpkg.com/react-native-push-notification/-/react-native-push-notification-8.1.1.tgz#a41d20c70ea5a7709417e96261b225461f8dc73a"
  integrity sha512-XpBtG/w+a6WXTxu6l1dNYyTiHnbgnvjoc3KxPTxYkaIABRmvuJZkFxqruyGvfCw7ELAlZEAJO+dthdTabCe1XA==
